
Microsoft Visual Studio Solution File, Format Version 12.00
# Visual Studio 14
VisualStudioVersion = 14.0.24720.0
MinimumVisualStudioVersion = 10.0.40219.1
Project("{FAE04EC0-301F-11D3-BF4B-00C04F79EFBC}") = "GuaranteedRate.Web", "GuaranteedRate.Web\GuaranteedRate.Web.csproj", "{7A47E098-441D-4AFF-B444-6161B31FD478}"
EndProject
Project("{FAE04EC0-301F-11D3-BF4B-00C04F79EFBC}") = "GuaranteedRate.Console", "GuaranteedRate.Console\GuaranteedRate.Console.csproj", "{5BFBBE44-AE34-429C-98D2-433552F8B5D1}"
EndProject
Project("{FAE04EC0-301F-11D3-BF4B-00C04F79EFBC}") = "GuaranteedRate.Domain", "GuaranteedRate.Domain\GuaranteedRate.Domain.csproj", "{92CDD48F-9E15-46B2-8A47-D86485F89367}"
EndProject
Project("{FAE04EC0-301F-11D3-BF4B-00C04F79EFBC}") = "GuaranteedRate.Tests", "GuaranteedRate.Tests\GuaranteedRate.Tests.csproj", "{DD722A16-64E6-43A5-B112-5FE849BD534C}"
EndProject
Global
	GlobalSection(SolutionConfigurationPlatforms) = preSolution
		Debug|Any CPU = Debug|Any CPU
		Release|Any CPU = Release|Any CPU
	EndGlobalSection
	GlobalSection(ProjectConfigurationPlatforms) = postSolution
		{7A47E098-441D-4AFF-B444-6161B31FD478}.Debug|Any CPU.ActiveCfg = Debug|Any CPU
		{7A47E098-441D-4AFF-B444-6161B31FD478}.Debug|Any CPU.Build.0 = Debug|Any CPU
		{7A47E098-441D-4AFF-B444-6161B31FD478}.Release|Any CPU.ActiveCfg = Release|Any CPU
		{7A47E098-441D-4AFF-B444-6161B31FD478}.Release|Any CPU.Build.0 = Release|Any CPU
		{5BFBBE44-AE34-429C-98D2-433552F8B5D1}.Debug|Any CPU.ActiveCfg = Debug|Any CPU
		{5BFBBE44-AE34-429C-98D2-433552F8B5D1}.Debug|Any CPU.Build.0 = Debug|Any CPU
		{5BFBBE44-AE34-429C-98D2-433552F8B5D1}.Release|Any CPU.ActiveCfg = Release|Any CPU
		{5BFBBE44-AE34-429C-98D2-433552F8B5D1}.Release|Any CPU.Build.0 = Release|Any CPU
		{92CDD48F-9E15-46B2-8A47-D86485F89367}.Debug|Any CPU.ActiveCfg = Debug|Any CPU
		{92CDD48F-9E15-46B2-8A47-D86485F89367}.Debug|Any CPU.Build.0 = Debug|Any CPU
		{92CDD48F-9E15-46B2-8A47-D86485F89367}.Release|Any CPU.ActiveCfg = Release|Any CPU
		{92CDD48F-9E15-46B2-8A47-D86485F89367}.Release|Any CPU.Build.0 = Release|Any CPU
		{DD722A16-64E6-43A5-B112-5FE849BD534C}.Debug|Any CPU.ActiveCfg = Debug|Any CPU
		{DD722A16-64E6-43A5-B112-5FE849BD534C}.Debug|Any CPU.Build.0 = Debug|Any CPU
		{DD722A16-64E6-43A5-B112-5FE849BD534C}.Release|Any CPU.ActiveCfg = Release|Any CPU
		{DD722A16-64E6-43A5-B112-5FE849BD534C}.Release|Any CPU.Build.0 = Release|Any CPU
	EndGlobalSection
	GlobalSection(SolutionProperties) = preSolution
		HideSolutionNode = FALSE
	EndGlobalSection
EndGlobal
